PODS:
  - Charts (3.3.0):
    - Charts/Core (= 3.3.0)
  - Charts/Core (3.3.0)

DEPENDENCIES:
  - Charts

SPEC REPOS:
  https://github.com/cocoapods/specs.git:
    - Charts

SPEC CHECKSUMS:
  Charts: ec1f57f9340054155691e84d4544a1d239d382c5

PODFILE CHECKSUM: c6903ce38bd004a93d489571d0d47dc48b5dba0c

COCOAPODS: 1.6.1
